// !$*UTF8*$!
{
	archiveVersion = 1;
	classes = {
	};
	objectVersion = 46;
	objects = {

/* Begin PBXBuildFile section */
		161659521B5B4A4F00B95EFE /* AppDelegate.swift in Sources */ = {isa = PBXBuildFile; fileRef = 161659511B5B4A4F00B95EFE /* AppDelegate.swift */; };
		161659541B5B4A4F00B95EFE /* ViewController.swift in Sources */ = {isa = PBXBuildFile; fileRef = 161659531B5B4A4F00B95EFE /* ViewController.swift */; };
		161659571B5B4A4F00B95EFE /* Main.storyboard in Resources */ = {isa = PBXBuildFile; fileRef = 161659551B5B4A4F00B95EFE /* Main.storyboard */; };
		161659591B5B4A4F00B95EFE /* Assets.xcassets in Resources */ = {isa = PBXBuildFile; fileRef = 161659581B5B4A4F00B95EFE /* Assets.xcassets */; };
		162E4F991B65724100C9922C /* LaunchScreen.xib in Resources */ = {isa = PBXBuildFile; fileRef = 162E4F981B65724100C9922C /* LaunchScreen.xib */; };
		162E86961B8D9DB0002322A3 /* MemeDetailViewController.swift in Sources */ = {isa = PBXBuildFile; fileRef = 162E86951B8D9DB0002322A3 /* MemeDetailViewController.swift */; };
		162E86981B8F5CAE002322A3 /* table.png in Resources */ = {isa = PBXBuildFile; fileRef = 162E86971B8F5CAE002322A3 /* table.png */; };
		162E869A1B8F5CE6002322A3 /* glyphicons_114_list.png in Resources */ = {isa = PBXBuildFile; fileRef = 162E86991B8F5CE6002322A3 /* glyphicons_114_list.png */; };
		162E869C1B8F5CEF002322A3 /* thumbnails.png in Resources */ = {isa = PBXBuildFile; fileRef = 162E869B1B8F5CEF002322A3 /* thumbnails.png */; };
		162E869E1B8F5CF8002322A3 /* lines.png in Resources */ = {isa = PBXBuildFile; fileRef = 162E869D1B8F5CF8002322A3 /* lines.png */; };
		16AE13231B8AAB3F0071B410 /* SentMemeCVC.swift in Sources */ = {isa = PBXBuildFile; fileRef = 16AE13221B8AAB3F0071B410 /* SentMemeCVC.swift */; };
		16AE13251B8AABA40071B410 /* SentMemeTVC.swift in Sources */ = {isa = PBXBuildFile; fileRef = 16AE13241B8AABA40071B410 /* SentMemeTVC.swift */; };
		16AE13271B8ABD890071B410 /* CustomMemeCVCell.swift in Sources */ = {isa = PBXBuildFile; fileRef = 16AE13261B8ABD890071B410 /* CustomMemeCVCell.swift */; };
		16AE13291B8C59240071B410 /* CustomTVCell.swift in Sources */ = {isa = PBXBuildFile; fileRef = 16AE13281B8C59240071B410 /* CustomTVCell.swift */; };
		16DD0BA61B8933A60033B496 /* Meme.swift in Sources */ = {isa = PBXBuildFile; fileRef = 16DD0BA51B8933A60033B496 /* Meme.swift */; };
/* End PBXBuildFile section */

/* Begin PBXFileReference section */
		1616594E1B5B4A4F00B95EFE /* MemeMe.app */ = {isa = PBXFileReference; explicitFileType = wrapper.application; includeInIndex = 0; path = MemeMe.app; sourceTree = BUILT_PRODUCTS_DIR; };
		161659511B5B4A4F00B95EFE /* AppDelegate.swift */ = {isa = PBXFileReference; lastKnownFileType = sourcecode.swift; path = AppDelegate.swift; sourceTree = "<group>"; };
		161659531B5B4A4F00B95EFE /* ViewController.swift */ = {isa = PBXFileReference; lastKnownFileType = sourcecode.swift; path = ViewController.swift; sourceTree = "<group>"; };
		161659561B5B4A4F00B95EFE /* Base */ = {isa = PBXFileReference; lastKnownFileType = file.storyboard; name = Base; path = Base.lproj/Main.storyboard; sourceTree = "<group>"; };
		161659581B5B4A4F00B95EFE /* Assets.xcassets */ = {isa = PBXFileReference; lastKnownFileType = folder.assetcatalog; path = Assets.xcassets; sourceTree = "<group>"; };
		1616595D1B5B4A4F00B95EFE /* Info.plist */ = {isa = PBXFileReference; lastKnownFileType = text.plist.xml; path = Info.plist; sourceTree = "<group>"; };
		162E4F981B65724100C9922C /* LaunchScreen.xib */ = {isa = PBXFileReference; fileEncoding = 4; lastKnownFileType = file.xib; path = LaunchScreen.xib; sourceTree = "<group>"; };
		162E86951B8D9DB0002322A3 /* MemeDetailViewController.swift */ = {isa = PBXFileReference; fileEncoding = 4; lastKnownFileType = sourcecode.swift; path = MemeDetailViewController.swift; sourceTree = "<group>"; };
		162E86971B8F5CAE002322A3 /* table.png */ = {isa = PBXFileReference; lastKnownFileType = image.png; path = table.png; sourceTree = "<group>"; };
		162E86991B8F5CE6002322A3 /* glyphicons_114_list.png */ = {isa = PBXFileReference; lastKnownFileType = image.png; path = glyphicons_114_list.png; sourceTree = "<group>"; };
		162E869B1B8F5CEF002322A3 /* thumbnails.png */ = {isa = PBXFileReference; lastKnownFileType = image.png; path = thumbnails.png; sourceTree = "<group>"; };
		162E869D1B8F5CF8002322A3 /* lines.png */ = {isa = PBXFileReference; lastKnownFileType = image.png; path = lines.png; sourceTree = "<group>"; };
		16AE13221B8AAB3F0071B410 /* SentMemeCVC.swift */ = {isa = PBXFileReference; fileEncoding = 4; lastKnownFileType = sourcecode.swift; path = SentMemeCVC.swift; sourceTree = "<group>"; };
		16AE13241B8AABA40071B410 /* SentMemeTVC.swift */ = {isa = PBXFileReference; fileEncoding = 4; lastKnownFileType = sourcecode.swift; path = SentMemeTVC.swift; sourceTree = "<group>"; };
		16AE13261B8ABD890071B410 /* CustomMemeCVCell.swift */ = {isa = PBXFileReference; fileEncoding = 4; lastKnownFileType = sourcecode.swift; path = CustomMemeCVCell.swift; sourceTree = "<group>"; };
		16AE13281B8C59240071B410 /* CustomTVCell.swift */ = {isa = PBXFileReference; fileEncoding = 4; lastKnownFileType = sourcecode.swift; path = CustomTVCell.swift; sourceTree = "<group>"; };
		16DD0BA51B8933A60033B496 /* Meme.swift */ = {isa = PBXFileReference; fileEncoding = 4; lastKnownFileType = sourcecode.swift; path = Meme.swift; sourceTree = "<group>"; };
/* End PBXFileReference section */

/* Begin PBXFrameworksBuildPhase section */
		1616594B1B5B4A4F00B95EFE /* Frameworks */ = {
			isa = PBXFrameworksBuildPhase;
			buildActionMask = 2147483647;
			files = (
			);
			runOnlyForDeploymentPostprocessing = 0;
		};
/* End PBXFrameworksBuildPhase section */

/* Begin PBXGroup section */
		161659451B5B4A4F00B95EFE = {
			isa = PBXGroup;
			children = (
				162E86971B8F5CAE002322A3 /* table.png */,
				162E86991B8F5CE6002322A3 /* glyphicons_114_list.png */,
				162E869B1B8F5CEF002322A3 /* thumbnails.png */,
				162E869D1B8F5CF8002322A3 /* lines.png */,
				161659501B5B4A4F00B95EFE /* MemeMe */,
				1616594F1B5B4A4F00B95EFE /* Products */,
			);
			sourceTree = "<group>";
		};
		1616594F1B5B4A4F00B95EFE /* Products */ = {
			isa = PBXGroup;
			children = (
				1616594E1B5B4A4F00B95EFE /* MemeMe.app */,
			);
			name = Products;
			sourceTree = "<group>";
		};
		161659501B5B4A4F00B95EFE /* MemeMe */ = {
			isa = PBXGroup;
			children = (
				161659511B5B4A4F00B95EFE /* AppDelegate.swift */,
				161659531B5B4A4F00B95EFE /* ViewController.swift */,
				16DD0BA51B8933A60033B496 /* Meme.swift */,
				16AE13241B8AABA40071B410 /* SentMemeTVC.swift */,
				16AE13221B8AAB3F0071B410 /* SentMemeCVC.swift */,
				161659551B5B4A4F00B95EFE /* Main.storyboard */,
				161659581B5B4A4F00B95EFE /* Assets.xcassets */,
				1616595D1B5B4A4F00B95EFE /* Info.plist */,
				162E4F981B65724100C9922C /* LaunchScreen.xib */,
				16AE13261B8ABD890071B410 /* CustomMemeCVCell.swift */,
				16AE13281B8C59240071B410 /* CustomTVCell.swift */,
				162E86951B8D9DB0002322A3 /* MemeDetailViewController.swift */,
			);
			path = MemeMe;
			sourceTree = "<group>";
		};
/* End PBXGroup section */

/* Begin PBXNativeTarget section */
		1616594D1B5B4A4F00B95EFE /* MemeMe */ = {
			isa = PBXNativeTarget;
			buildConfigurationList = 161659601B5B4A4F00B95EFE /* Build configuration list for PBXNativeTarget "MemeMe" */;
			buildPhases = (
				1616594A1B5B4A4F00B95EFE /* Sources */,
				1616594B1B5B4A4F00B95EFE /* Frameworks */,
				1616594C1B5B4A4F00B95EFE /* Resources */,
			);
			buildRules = (
			);
			dependencies = (
			);
			name = MemeMe;
			productName = MemeMe;
			productReference = 1616594E1B5B4A4F00B95EFE /* MemeMe.app */;
			productType = "com.apple.product-type.application";
		};
/* End PBXNativeTarget section */

/* Begin PBXProject section */
		161659461B5B4A4F00B95EFE /* Project object */ = {
			isa = PBXProject;
			attributes = {
				LastUpgradeCheck = 0700;
				ORGANIZATIONNAME = "Rahul Sarna";
				TargetAttributes = {
					1616594D1B5B4A4F00B95EFE = {
						CreatedOnToolsVersion = 7.0;
					};
				};
			};
			buildConfigurationList = 161659491B5B4A4F00B95EFE /* Build configuration list for PBXProject "MemeMe" */;
			compatibilityVersion = "Xcode 3.2";
			developmentRegion = English;
			hasScannedForEncodings = 0;
			knownRegions = (
				en,
				Base,
			);
			mainGroup = 161659451B5B4A4F00B95EFE;
			productRefGroup = 1616594F1B5B4A4F00B95EFE /* Products */;
			projectDirPath = "";
			projectRoot = "";
			targets = (
				1616594D1B5B4A4F00B95EFE /* MemeMe */,
			);
		};
/* End PBXProject section */

/* Begin PBXResourcesBuildPhase section */
		1616594C1B5B4A4F00B95EFE /* Resources */ = {
			isa = PBXResourcesBuildPhase;
			buildActionMask = 2147483647;
			files = (
				162E86981B8F5CAE002322A3 /* table.png in Resources */,
				162E869A1B8F5CE6002322A3 /* glyphicons_114_list.png in Resources */,
				162E869C1B8F5CEF002322A3 /* thumbnails.png in Resources */,
				162E4F991B65724100C9922C /* LaunchScreen.xib in Resources */,
				161659591B5B4A4F00B95EFE /* Assets.xcassets in Resources */,
				162E869E1B8F5CF8002322A3 /* lines.png in Resources */,
				161659571B5B4A4F00B95EFE /* Main.storyboard in Resources */,
			);
			runOnlyForDeploymentPostprocessing = 0;
		};
/* End PBXResourcesBuildPhase section */

/* Begin PBXSourcesBuildPhase section */
		1616594A1B5B4A4F00B95EFE /* Sources */ = {
			isa = PBXSourcesBuildPhase;
			buildActionMask = 2147483647;
			files = (
				16DD0BA61B8933A60033B496 /* Meme.swift in Sources */,
				161659541B5B4A4F00B95EFE /* ViewController.swift in Sources */,
				16AE13231B8AAB3F0071B410 /* SentMemeCVC.swift in Sources */,
				16AE13271B8ABD890071B410 /* CustomMemeCVCell.swift in Sources */,
				161659521B5B4A4F00B95EFE /* AppDelegate.swift in Sources */,
				16AE13291B8C59240071B410 /* CustomTVCell.swift in Sources */,
				16AE13251B8AABA40071B410 /* SentMemeTVC.swift in Sources */,
				162E86961B8D9DB0002322A3 /* MemeDetailViewController.swift in Sources */,
			);
			runOnlyForDeploymentPostprocessing = 0;
		};
/* End PBXSourcesBuildPhase section */

/* Begin PBXVariantGroup section */
		161659551B5B4A4F00B95EFE /* Main.storyboard */ = {
			isa = PBXVariantGroup;
			children = (
				161659561B5B4A4F00B95EFE /* Base */,
			);
			name = Main.storyboard;
			sourceTree = "<group>";
		};
/* End PBXVariantGroup section */

/* Begin XCBuildConfiguration section */
		1616595E1B5B4A4F00B95EFE /* Debug */ = {
			isa = XCBuildConfiguration;
			buildSettings = {
				ALWAYS_SEARCH_USER_PATHS = NO;
				CLANG_CXX_LANGUAGE_STANDARD = "gnu++0x";
				CLANG_CXX_LIBRARY = "libc++";
				CLANG_ENABLE_MODULES = YES;
				CLANG_ENABLE_OBJC_ARC = YES;
				CLANG_WARN_BOOL_CONVERSION = YES;
				CLANG_WARN_CONSTANT_CONVERSION = YES;
				CLANG_WARN_DIRECT_OBJC_ISA_USAGE = YES_ERROR;
				CLANG_WARN_EMPTY_BODY = YES;
				CLANG_WARN_ENUM_CONVERSION = YES;
				CLANG_WARN_INT_CONVERSION = YES;
				CLANG_WARN_OBJC_ROOT_CLASS = YES_ERROR;
				CLANG_WARN_UNREACHABLE_CODE = YES;
				CLANG_WARN__DUPLICATE_METHOD_MATCH = YES;
				"CODE_SIGN_IDENTITY[sdk=iphoneos*]" = "iPhone Developer";
				COPY_PHASE_STRIP = NO;
				DEBUG_INFORMATION_FORMAT = dwarf;
				ENABLE_STRICT_OBJC_MSGSEND = YES;
				ENABLE_TESTABILITY = YES;
				GCC_C_LANGUAGE_STANDARD = gnu99;
				GCC_DYNAMIC_NO_PIC = NO;
				GCC_NO_COMMON_BLOCKS = YES;
				GCC_OPTIMIZATION_LEVEL = 0;
				GCC_PREPROCESSOR_DEFINITIONS = (
					"DEBUG=1",
					"$(inherited)",
				);
				GCC_WARN_64_TO_32_BIT_CONVERSION = YES;
				GCC_WARN_ABOUT_RETURN_TYPE = YES_ERROR;
				GCC_WARN_UNDECLARED_SELECTOR = YES;
				GCC_WARN_UNINITIALIZED_AUTOS = YES_AGGRESSIVE;
				GCC_WARN_UNUSED_FUNCTION = YES;
				GCC_WARN_UNUSED_VARIABLE = YES;
				IPHONEOS_DEPLOYMENT_TARGET = 9.0;
				MTL_ENABLE_DEBUG_INFO = YES;
				ONLY_ACTIVE_ARCH = YES;
				SDKROOT = iphoneos;
				SWIFT_OPTIMIZATION_LEVEL = "-Onone";
				TARGETED_DEVICE_FAMILY = "1,2";
			};
			name = Debug;
		};
		1616595F1B5B4A4F00B95EFE /* Release */ = {
			isa = XCBuildConfiguration;
			buildSettings = {
				ALWAYS_SEARCH_USER_PATHS = NO;
				CLANG_CXX_LANGUAGE_STANDARD = "gnu++0x";
				CLANG_CXX_LIBRARY = "libc++";
				CLANG_ENABLE_MODULES = YES;
				CLANG_ENABLE_OBJC_ARC = YES;
				CLANG_WARN_BOOL_CONVERSION = YES;
				CLANG_WARN_CONSTANT_CONVERSION = YES;
				CLANG_WARN_DIRECT_OBJC_ISA_USAGE = YES_ERROR;
				CLANG_WARN_EMPTY_BODY = YES;
				CLANG_WARN_ENUM_CONVERSION = YES;
				CLANG_WARN_INT_CONVERSION = YES;
				CLANG_WARN_OBJC_ROOT_CLASS = YES_ERROR;
				CLANG_WARN_UNREACHABLE_CODE = YES;
				CLANG_WARN__DUPLICATE_METHOD_MATCH = YES;
				"CODE_SIGN_IDENTITY[sdk=iphoneos*]" = "iPhone Developer";
				COPY_PHASE_STRIP = NO;
				DEBUG_INFORMATION_FORMAT = "dwarf-with-dsym";
				ENABLE_NS_ASSERTIONS = NO;
				ENABLE_STRICT_OBJC_MSGSEND = YES;
				GCC_C_LANGUAGE_STANDARD = gnu99;
				GCC_NO_COMMON_BLOCKS = YES;
				GCC_WARN_64_TO_32_BIT_CONVERSION = YES;
				GCC_WARN_ABOUT_RETURN_TYPE = YES_ERROR;
				GCC_WARN_UNDECLARED_SELECTOR = YES;
				GCC_WARN_UNINITIALIZED_AUTOS = YES_AGGRESSIVE;
				GCC_WARN_UNUSED_FUNCTION = YES;
				GCC_WARN_UNUSED_VARIABLE = YES;
				IPHONEOS_DEPLOYMENT_TARGET = 9.0;
				MTL_ENABLE_DEBUG_INFO = NO;
				SDKROOT = iphoneos;
				TARGETED_DEVICE_FAMILY = "1,2";
				VALIDATE_PRODUCT = YES;
			};
			name = Release;
		};
		161659611B5B4A4F00B95EFE /* Debug */ = {
			isa = XCBuildConfiguration;
			buildSettings = {
				ASSETCATALOG_COMPILER_APPICON_NAME = "AppIcon-1";
				INFOPLIST_FILE = MemeMe/Info.plist;
				IPHONEOS_DEPLOYMENT_TARGET = 8.4;
				LD_RUNPATH_SEARCH_PATHS = "$(inherited) @executable_path/Frameworks";
				PRODUCT_BUNDLE_IDENTIFIER = com.autokrat.MemeMe;
				PRODUCT_NAME = "$(TARGET_NAME)";
			};
			name = Debug;
		};
		161659621B5B4A4F00B95EFE /* Release */ = {
			isa = XCBuildConfiguration;
			buildSettings = {
				ASSETCATALOG_COMPILER_APPICON_NAME = "AppIcon-1";
				INFOPLIST_FILE = MemeMe/Info.plist;
				IPHONEOS_DEPLOYMENT_TARGET = 8.4;
				LD_RUNPATH_SEARCH_PATHS = "$(inherited) @executable_path/Frameworks";
				PRODUCT_BUNDLE_IDENTIFIER = com.autokrat.MemeMe;
				PRODUCT_NAME = "$(TARGET_NAME)";
			};
			name = Release;
		};
/* End XCBuildConfiguration section */

/* Begin XCConfigurationList section */
		161659491B5B4A4F00B95EFE /* Build configuration list for PBXProject "MemeMe" */ = {
			isa = XCConfigurationList;
			buildConfigurations = (
				1616595E1B5B4A4F00B95EFE /* Debug */,
				1616595F1B5B4A4F00B95EFE /* Release */,
			);
			defaultConfigurationIsVisible = 0;
			defaultConfigurationName = Release;
		};
		161659601B5B4A4F00B95EFE /* Build configuration list for PBXNativeTarget "MemeMe" */ = {
			isa = XCConfigurationList;
			buildConfigurations = (
				161659611B5B4A4F00B95EFE /* Debug */,
				161659621B5B4A4F00B95EFE /* Release */,
			);
			defaultConfigurationIsVisible = 0;
			defaultConfigurationName = Release;
		};
/* End XCConfigurationList section */
	};
	rootObject = 161659461B5B4A4F00B95EFE /* Project object */;
}
